
Microsoft Visual Studio Solution File, Format Version 12.00
# Visual Studio Version 16
VisualStudioVersion = 16.0.31313.79
MinimumVisualStudioVersion = 10.0.40219.1
Project("{FAE04EC0-301F-11D3-BF4B-00C04F79EFBC}") = "Test3", "Test3\Test3.csproj", "{27AB871F-1FCB-4A63-BC63-3FE5EA44DBA5}"
EndProject
Global
	GlobalSection(SolutionConfigurationPlatforms) = preSolution
		Debug|Any CPU = Debug|Any CPU
		Release|Any CPU = Release|Any CPU
	EndGlobalSection
	GlobalSection(ProjectConfigurationPlatforms) = postSolution
		{27AB871F-1FCB-4A63-BC63-3FE5EA44DBA5}.Debug|Any CPU.ActiveCfg = Debug|Any CPU
		{27AB871F-1FCB-4A63-BC63-3FE5EA44DBA5}.Debug|Any CPU.Build.0 = Debug|Any CPU
		{27AB871F-1FCB-4A63-BC63-3FE5EA44DBA5}.Release|Any CPU.ActiveCfg = Release|Any CPU
		{27AB871F-1FCB-4A63-BC63-3FE5EA44DBA5}.Release|Any CPU.Build.0 = Release|Any CPU
	EndGlobalSection
	GlobalSection(SolutionProperties) = preSolution
		HideSolutionNode = FALSE
	EndGlobalSection
	GlobalSection(ExtensibilityGlobals) = postSolution
		SolutionGuid = {BB15E8AB-0E12-4DCF-BA6D-C04A87B25691}
	EndGlobalSection
EndGlobal
